// !$*UTF8*$!
{
	archiveVersion = 1;
	classes = {
	};
	objectVersion = 50;
	objects = {

/* Begin PBXBuildFile section */
		7A34AD6C24BBFD3900C8C619 /* ResultsViewController.swift in Sources */ = {isa = PBXBuildFile; fileRef = 7A34AD6B24BBFD3900C8C619 /* ResultsViewController.swift */; };
		7A34AD6E24BCBD2A00C8C619 /* GoogleService-Info.plist in Resources */ = {isa = PBXBuildFile; fileRef = 7A34AD6D24BCBD2A00C8C619 /* GoogleService-Info.plist */; };
		7A4F197C24BA4D29007A6392 /* AppDelegate.swift in Sources */ = {isa = PBXBuildFile; fileRef = 7A4F197B24BA4D29007A6392 /* AppDelegate.swift */; };
		7A4F197E24BA4D29007A6392 /* SceneDelegate.swift in Sources */ = {isa = PBXBuildFile; fileRef = 7A4F197D24BA4D29007A6392 /* SceneDelegate.swift */; };
		7A4F198024BA4D29007A6392 /* ViewController.swift in Sources */ = {isa = PBXBuildFile; fileRef = 7A4F197F24BA4D29007A6392 /* ViewController.swift */; };
		7A4F198324BA4D29007A6392 /* Main.storyboard in Resources */ = {isa = PBXBuildFile; fileRef = 7A4F198124BA4D29007A6392 /* Main.storyboard */; };
		7A4F198624BA4D29007A6392 /* Firebase.xcdatamodeld in Sources */ = {isa = PBXBuildFile; fileRef = 7A4F198424BA4D29007A6392 /* Firebase.xcdatamodeld */; };
		7A4F198824BA4D2F007A6392 /* Assets.xcassets in Resources */ = {isa = PBXBuildFile; fileRef = 7A4F198724BA4D2F007A6392 /* Assets.xcassets */; };
		7A4F198B24BA4D2F007A6392 /* LaunchScreen.storyboard in Resources */ = {isa = PBXBuildFile; fileRef = 7A4F198924BA4D2F007A6392 /* LaunchScreen.storyboard */; };
		7A4F199324BBDDA8007A6392 /* HomeViewController.swift in Sources */ = {isa = PBXBuildFile; fileRef = 7A4F199224BBDDA8007A6392 /* HomeViewController.swift */; };
		7A4F199524BBDDBA007A6392 /* SignUpViewController.swift in Sources */ = {isa = PBXBuildFile; fileRef = 7A4F199424BBDDBA007A6392 /* SignUpViewController.swift */; };
		7A4F199724BBDDC6007A6392 /* SignInViewController.swift in Sources */ = {isa = PBXBuildFile; fileRef = 7A4F199624BBDDC6007A6392 /* SignInViewController.swift */; };
		7A4F199924BBDDD4007A6392 /* CatagoryViewController.swift in Sources */ = {isa = PBXBuildFile; fileRef = 7A4F199824BBDDD4007A6392 /* CatagoryViewController.swift */; };
		7A4F199B24BBDDE0007A6392 /* QuestionViewController.swift in Sources */ = {isa = PBXBuildFile; fileRef = 7A4F199A24BBDDE0007A6392 /* QuestionViewController.swift */; };
		AA6F5AEC1BB3809DAC7D5A64 /* Pods_Firebase.framework in Frameworks */ = {isa = PBXBuildFile; fileRef = 4C614CC2977880683CB2F9FA /* Pods_Firebase.framework */; };
/* End PBXBuildFile section */

/* Begin PBXFileReference section */
		064B6F22D934778F197F42EB /* Pods-Firebase.debug.xcconfig */ = {isa = PBXFileReference; includeInIndex = 1; lastKnownFileType = text.xcconfig; name = "Pods-Firebase.debug.xcconfig"; path = "Target Support Files/Pods-Firebase/Pods-Firebase.debug.xcconfig"; sourceTree = "<group>"; };
		27864A3BE57A853D4FC413C7 /* Pods-Firebase.release.xcconfig */ = {isa = PBXFileReference; includeInIndex = 1; lastKnownFileType = text.xcconfig; name = "Pods-Firebase.release.xcconfig"; path = "Target Support Files/Pods-Firebase/Pods-Firebase.release.xcconfig"; sourceTree = "<group>"; };
		4C614CC2977880683CB2F9FA /* Pods_Firebase.framework */ = {isa = PBXFileReference; explicitFileType = wrapper.framework; includeInIndex = 0; path = Pods_Firebase.framework; sourceTree = BUILT_PRODUCTS_DIR; };
		7A34AD6B24BBFD3900C8C619 /* ResultsViewController.swift */ = {isa = PBXFileReference; lastKnownFileType = sourcecode.swift; path = ResultsViewController.swift; sourceTree = "<group>"; };
		7A34AD6D24BCBD2A00C8C619 /* GoogleService-Info.plist */ = {isa = PBXFileReference; fileEncoding = 4; lastKnownFileType = text.plist.xml; name = "GoogleService-Info.plist"; path = "../../../Downloads/GoogleService-Info.plist"; sourceTree = "<group>"; };
		7A4F197824BA4D29007A6392 /* Firebase.app */ = {isa = PBXFileReference; explicitFileType = wrapper.application; includeInIndex = 0; path = Firebase.app; sourceTree = BUILT_PRODUCTS_DIR; };
		7A4F197B24BA4D29007A6392 /* AppDelegate.swift */ = {isa = PBXFileReference; lastKnownFileType = sourcecode.swift; path = AppDelegate.swift; sourceTree = "<group>"; };
		7A4F197D24BA4D29007A6392 /* SceneDelegate.swift */ = {isa = PBXFileReference; lastKnownFileType = sourcecode.swift; path = SceneDelegate.swift; sourceTree = "<group>"; };
		7A4F197F24BA4D29007A6392 /* ViewController.swift */ = {isa = PBXFileReference; lastKnownFileType = sourcecode.swift; path = ViewController.swift; sourceTree = "<group>"; };
		7A4F198224BA4D29007A6392 /* Base */ = {isa = PBXFileReference; lastKnownFileType = file.storyboard; name = Base; path = Base.lproj/Main.storyboard; sourceTree = "<group>"; };
		7A4F198524BA4D29007A6392 /* Firebase.xcdatamodel */ = {isa = PBXFileReference; lastKnownFileType = wrapper.xcdatamodel; path = Firebase.xcdatamodel; sourceTree = "<group>"; };
		7A4F198724BA4D2F007A6392 /* Assets.xcassets */ = {isa = PBXFileReference; lastKnownFileType = folder.assetcatalog; path = Assets.xcassets; sourceTree = "<group>"; };
		7A4F198A24BA4D2F007A6392 /* Base */ = {isa = PBXFileReference; lastKnownFileType = file.storyboard; name = Base; path = Base.lproj/LaunchScreen.storyboard; sourceTree = "<group>"; };
		7A4F198C24BA4D2F007A6392 /* Info.plist */ = {isa = PBXFileReference; lastKnownFileType = text.plist.xml; path = Info.plist; sourceTree = "<group>"; };
		7A4F199224BBDDA8007A6392 /* HomeViewController.swift */ = {isa = PBXFileReference; lastKnownFileType = sourcecode.swift; path = HomeViewController.swift; sourceTree = "<group>"; };
		7A4F199424BBDDBA007A6392 /* SignUpViewController.swift */ = {isa = PBXFileReference; lastKnownFileType = sourcecode.swift; path = SignUpViewController.swift; sourceTree = "<group>"; };
		7A4F199624BBDDC6007A6392 /* SignInViewController.swift */ = {isa = PBXFileReference; lastKnownFileType = sourcecode.swift; path = SignInViewController.swift; sourceTree = "<group>"; };
		7A4F199824BBDDD4007A6392 /* CatagoryViewController.swift */ = {isa = PBXFileReference; lastKnownFileType = sourcecode.swift; path = CatagoryViewController.swift; sourceTree = "<group>"; };
		7A4F199A24BBDDE0007A6392 /* QuestionViewController.swift */ = {isa = PBXFileReference; lastKnownFileType = sourcecode.swift; path = QuestionViewController.swift; sourceTree = "<group>"; };
/* End PBXFileReference section */

/* Begin PBXFrameworksBuildPhase section */
		7A4F197524BA4D29007A6392 /* Frameworks */ = {
			isa = PBXFrameworksBuildPhase;
			buildActionMask = 2147483647;
			files = (
				AA6F5AEC1BB3809DAC7D5A64 /* Pods_Firebase.framework in Frameworks */,
			);
			runOnlyForDeploymentPostprocessing = 0;
		};
/* End PBXFrameworksBuildPhase section */

/* Begin PBXGroup section */
		65E20CE2AC1BEE1CCF79F155 /* Pods */ = {
			isa = PBXGroup;
			children = (
				064B6F22D934778F197F42EB /* Pods-Firebase.debug.xcconfig */,
				27864A3BE57A853D4FC413C7 /* Pods-Firebase.release.xcconfig */,
			);
			name = Pods;
			path = Pods;
			sourceTree = "<group>";
		};
		7A4F196F24BA4D29007A6392 = {
			isa = PBXGroup;
			children = (
				7A4F197A24BA4D29007A6392 /* Firebase */,
				7A4F197924BA4D29007A6392 /* Products */,
				65E20CE2AC1BEE1CCF79F155 /* Pods */,
				81264FE7A96B0028974B4784 /* Frameworks */,
			);
			sourceTree = "<group>";
		};
		7A4F197924BA4D29007A6392 /* Products */ = {
			isa = PBXGroup;
			children = (
				7A4F197824BA4D29007A6392 /* Firebase.app */,
			);
			name = Products;
			sourceTree = "<group>";
		};
		7A4F197A24BA4D29007A6392 /* Firebase */ = {
			isa = PBXGroup;
			children = (
				7A4F197B24BA4D29007A6392 /* AppDelegate.swift */,
				7A4F197D24BA4D29007A6392 /* SceneDelegate.swift */,
				7A4F197F24BA4D29007A6392 /* ViewController.swift */,
				7A4F198124BA4D29007A6392 /* Main.storyboard */,
				7A34AD6B24BBFD3900C8C619 /* ResultsViewController.swift */,
				7A4F199224BBDDA8007A6392 /* HomeViewController.swift */,
				7A4F199424BBDDBA007A6392 /* SignUpViewController.swift */,
				7A4F199624BBDDC6007A6392 /* SignInViewController.swift */,
				7A4F199824BBDDD4007A6392 /* CatagoryViewController.swift */,
				7A4F199A24BBDDE0007A6392 /* QuestionViewController.swift */,
				7A4F198724BA4D2F007A6392 /* Assets.xcassets */,
				7A4F198924BA4D2F007A6392 /* LaunchScreen.storyboard */,
				7A34AD6D24BCBD2A00C8C619 /* GoogleService-Info.plist */,
				7A4F198C24BA4D2F007A6392 /* Info.plist */,
				7A4F198424BA4D29007A6392 /* Firebase.xcdatamodeld */,
			);
			path = Firebase;
			sourceTree = "<group>";
		};
		81264FE7A96B0028974B4784 /* Frameworks */ = {
			isa = PBXGroup;
			children = (
				4C614CC2977880683CB2F9FA /* Pods_Firebase.framework */,
			);
			name = Frameworks;
			sourceTree = "<group>";
		};
/* End PBXGroup section */

/* Begin PBXNativeTarget section */
		7A4F197724BA4D29007A6392 /* Firebase */ = {
			isa = PBXNativeTarget;
			buildConfigurationList = 7A4F198F24BA4D2F007A6392 /* Build configuration list for PBXNativeTarget "Firebase" */;
			buildPhases = (
				8376BFE186DF8B2691832C55 /* [CP] Check Pods Manifest.lock */,
				7A4F197424BA4D29007A6392 /* Sources */,
				7A4F197524BA4D29007A6392 /* Frameworks */,
				7A4F197624BA4D29007A6392 /* Resources */,
				C8891F44D7C293D31C760D78 /* [CP] Embed Pods Frameworks */,
			);
			buildRules = (
			);
			dependencies = (
			);
			name = Firebase;
			productName = Firebase;
			productReference = 7A4F197824BA4D29007A6392 /* Firebase.app */;
			productType = "com.apple.product-type.application";
		};
/* End PBXNativeTarget section */

/* Begin PBXProject section */
		7A4F197024BA4D29007A6392 /* Project object */ = {
			isa = PBXProject;
			attributes = {
				LastSwiftUpdateCheck = 1150;
				LastUpgradeCheck = 1150;
				ORGANIZATIONNAME = "Carly Cameron";
				TargetAttributes = {
					7A4F197724BA4D29007A6392 = {
						CreatedOnToolsVersion = 11.5;
					};
				};
			};
			buildConfigurationList = 7A4F197324BA4D29007A6392 /* Build configuration list for PBXProject "Firebase" */;
			compatibilityVersion = "Xcode 9.3";
			developmentRegion = en;
			hasScannedForEncodings = 0;
			knownRegions = (
				en,
				Base,
			);
			mainGroup = 7A4F196F24BA4D29007A6392;
			productRefGroup = 7A4F197924BA4D29007A6392 /* Products */;
			projectDirPath = "";
			projectRoot = "";
			targets = (
				7A4F197724BA4D29007A6392 /* Firebase */,
			);
		};
/* End PBXProject section */

/* Begin PBXResourcesBuildPhase section */
		7A4F197624BA4D29007A6392 /* Resources */ = {
			isa = PBXResourcesBuildPhase;
			buildActionMask = 2147483647;
			files = (
				7A4F198B24BA4D2F007A6392 /* LaunchScreen.storyboard in Resources */,
				7A34AD6E24BCBD2A00C8C619 /* GoogleService-Info.plist in Resources */,
				7A4F198824BA4D2F007A6392 /* Assets.xcassets in Resources */,
				7A4F198324BA4D29007A6392 /* Main.storyboard in Resources */,
			);
			runOnlyForDeploymentPostprocessing = 0;
		};
/* End PBXResourcesBuildPhase section */

/* Begin PBXShellScriptBuildPhase section */
		8376BFE186DF8B2691832C55 /* [CP] Check Pods Manifest.lock */ = {
			isa = PBXShellScriptBuildPhase;
			buildActionMask = 2147483647;
			files = (
			);
			inputFileListPaths = (
			);
			inputPaths = (
				"${PODS_PODFILE_DIR_PATH}/Podfile.lock",
				"${PODS_ROOT}/Manifest.lock",
			);
			name = "[CP] Check Pods Manifest.lock";
			outputFileListPaths = (
			);
			outputPaths = (
				"$(DERIVED_FILE_DIR)/Pods-Firebase-checkManifestLockResult.txt",
			);
			runOnlyForDeploymentPostprocessing = 0;
			shellPath = /bin/sh;
			shellScript = "diff \"${PODS_PODFILE_DIR_PATH}/Podfile.lock\" \"${PODS_ROOT}/Manifest.lock\" > /dev/null\nif [ $? != 0 ] ; then\n    # print error to STDERR\n    echo \"error: The sandbox is not in sync with the Podfile.lock. Run 'pod install' or update your CocoaPods installation.\" >&2\n    exit 1\nfi\n# This output is used by Xcode 'outputs' to avoid re-running this script phase.\necho \"SUCCESS\" > \"${SCRIPT_OUTPUT_FILE_0}\"\n";
			showEnvVarsInLog = 0;
		};
		C8891F44D7C293D31C760D78 /* [CP] Embed Pods Frameworks */ = {
			isa = PBXShellScriptBuildPhase;
			buildActionMask = 2147483647;
			files = (
			);
			inputFileListPaths = (
				"${PODS_ROOT}/Target Support Files/Pods-Firebase/Pods-Firebase-frameworks-${CONFIGURATION}-input-files.xcfilelist",
			);
			name = "[CP] Embed Pods Frameworks";
			outputFileListPaths = (
				"${PODS_ROOT}/Target Support Files/Pods-Firebase/Pods-Firebase-frameworks-${CONFIGURATION}-output-files.xcfilelist",
			);
			runOnlyForDeploymentPostprocessing = 0;
			shellPath = /bin/sh;
			shellScript = "\"${PODS_ROOT}/Target Support Files/Pods-Firebase/Pods-Firebase-frameworks.sh\"\n";
			showEnvVarsInLog = 0;
		};
/* End PBXShellScriptBuildPhase section */

/* Begin PBXSourcesBuildPhase section */
		7A4F197424BA4D29007A6392 /* Sources */ = {
			isa = PBXSourcesBuildPhase;
			buildActionMask = 2147483647;
			files = (
				7A4F199924BBDDD4007A6392 /* CatagoryViewController.swift in Sources */,
				7A4F199724BBDDC6007A6392 /* SignInViewController.swift in Sources */,
				7A4F199524BBDDBA007A6392 /* SignUpViewController.swift in Sources */,
				7A34AD6C24BBFD3900C8C619 /* ResultsViewController.swift in Sources */,
				7A4F199324BBDDA8007A6392 /* HomeViewController.swift in Sources */,
				7A4F198024BA4D29007A6392 /* ViewController.swift in Sources */,
				7A4F197C24BA4D29007A6392 /* AppDelegate.swift in Sources */,
				7A4F198624BA4D29007A6392 /* Firebase.xcdatamodeld in Sources */,
				7A4F197E24BA4D29007A6392 /* SceneDelegate.swift in Sources */,
				7A4F199B24BBDDE0007A6392 /* QuestionViewController.swift in Sources */,
			);
			runOnlyForDeploymentPostprocessing = 0;
		};
/* End PBXSourcesBuildPhase section */

/* Begin PBXVariantGroup section */
		7A4F198124BA4D29007A6392 /* Main.storyboard */ = {
			isa = PBXVariantGroup;
			children = (
				7A4F198224BA4D29007A6392 /* Base */,
			);
			name = Main.storyboard;
			sourceTree = "<group>";
		};
		7A4F198924BA4D2F007A6392 /* LaunchScreen.storyboard */ = {
			isa = PBXVariantGroup;
			children = (
				7A4F198A24BA4D2F007A6392 /* Base */,
			);
			name = LaunchScreen.storyboard;
			sourceTree = "<group>";
		};
/* End PBXVariantGroup section */

/* Begin XCBuildConfiguration section */
		7A4F198D24BA4D2F007A6392 /* Debug */ = {
			isa = XCBuildConfiguration;
			buildSettings = {
				ALWAYS_SEARCH_USER_PATHS = NO;
				CLANG_ANALYZER_NONNULL = YES;
				CLANG_ANALYZER_NUMBER_OBJECT_CONVERSION = YES_AGGRESSIVE;
				CLANG_CXX_LANGUAGE_STANDARD = "gnu++14";
				CLANG_CXX_LIBRARY = "libc++";
				CLANG_ENABLE_MODULES = YES;
				CLANG_ENABLE_OBJC_ARC = YES;
				CLANG_ENABLE_OBJC_WEAK = YES;
				CLANG_WARN_BLOCK_CAPTURE_AUTORELEASING = YES;
				CLANG_WARN_BOOL_CONVERSION = YES;
				CLANG_WARN_COMMA = YES;
				CLANG_WARN_CONSTANT_CONVERSION = YES;
				CLANG_WARN_DEPRECATED_OBJC_IMPLEMENTATIONS = YES;
				CLANG_WARN_DIRECT_OBJC_ISA_USAGE = YES_ERROR;
				CLANG_WARN_DOCUMENTATION_COMMENTS = YES;
				CLANG_WARN_EMPTY_BODY = YES;
				CLANG_WARN_ENUM_CONVERSION = YES;
				CLANG_WARN_INFINITE_RECURSION = YES;
				CLANG_WARN_INT_CONVERSION = YES;
				CLANG_WARN_NON_LITERAL_NULL_CONVERSION = YES;
				CLANG_WARN_OBJC_IMPLICIT_RETAIN_SELF = YES;
				CLANG_WARN_OBJC_LITERAL_CONVERSION = YES;
				CLANG_WARN_OBJC_ROOT_CLASS = YES_ERROR;
				CLANG_WARN_RANGE_LOOP_ANALYSIS = YES;
				CLANG_WARN_STRICT_PROTOTYPES = YES;
				CLANG_WARN_SUSPICIOUS_MOVE = YES;
				CLANG_WARN_UNGUARDED_AVAILABILITY = YES_AGGRESSIVE;
				CLANG_WARN_UNREACHABLE_CODE = YES;
				CLANG_WARN__DUPLICATE_METHOD_MATCH = YES;
				COPY_PHASE_STRIP = NO;
				DEBUG_INFORMATION_FORMAT = dwarf;
				ENABLE_STRICT_OBJC_MSGSEND = YES;
				ENABLE_TESTABILITY = YES;
				GCC_C_LANGUAGE_STANDARD = gnu11;
				GCC_DYNAMIC_NO_PIC = NO;
				GCC_NO_COMMON_BLOCKS = YES;
				GCC_OPTIMIZATION_LEVEL = 0;
				GCC_PREPROCESSOR_DEFINITIONS = (
					"DEBUG=1",
					"$(inherited)",
				);
				GCC_WARN_64_TO_32_BIT_CONVERSION = YES;
				GCC_WARN_ABOUT_RETURN_TYPE = YES_ERROR;
				GCC_WARN_UNDECLARED_SELECTOR = YES;
				GCC_WARN_UNINITIALIZED_AUTOS = YES_AGGRESSIVE;
				GCC_WARN_UNUSED_FUNCTION = YES;
				GCC_WARN_UNUSED_VARIABLE = YES;
				IPHONEOS_DEPLOYMENT_TARGET = 13.5;
				MTL_ENABLE_DEBUG_INFO = INCLUDE_SOURCE;
				MTL_FAST_MATH = YES;
				ONLY_ACTIVE_ARCH = YES;
				SDKROOT = iphoneos;
				SWIFT_ACTIVE_COMPILATION_CONDITIONS = DEBUG;
				SWIFT_OPTIMIZATION_LEVEL = "-Onone";
			};
			name = Debug;
		};
		7A4F198E24BA4D2F007A6392 /* Release */ = {
			isa = XCBuildConfiguration;
			buildSettings = {
				ALWAYS_SEARCH_USER_PATHS = NO;
				CLANG_ANALYZER_NONNULL = YES;
				CLANG_ANALYZER_NUMBER_OBJECT_CONVERSION = YES_AGGRESSIVE;
				CLANG_CXX_LANGUAGE_STANDARD = "gnu++14";
				CLANG_CXX_LIBRARY = "libc++";
				CLANG_ENABLE_MODULES = YES;
				CLANG_ENABLE_OBJC_ARC = YES;
				CLANG_ENABLE_OBJC_WEAK = YES;
				CLANG_WARN_BLOCK_CAPTURE_AUTORELEASING = YES;
				CLANG_WARN_BOOL_CONVERSION = YES;
				CLANG_WARN_COMMA = YES;
				CLANG_WARN_CONSTANT_CONVERSION = YES;
				CLANG_WARN_DEPRECATED_OBJC_IMPLEMENTATIONS = YES;
				CLANG_WARN_DIRECT_OBJC_ISA_USAGE = YES_ERROR;
				CLANG_WARN_DOCUMENTATION_COMMENTS = YES;
				CLANG_WARN_EMPTY_BODY = YES;
				CLANG_WARN_ENUM_CONVERSION = YES;
				CLANG_WARN_INFINITE_RECURSION = YES;
				CLANG_WARN_INT_CONVERSION = YES;
				CLANG_WARN_NON_LITERAL_NULL_CONVERSION = YES;
				CLANG_WARN_OBJC_IMPLICIT_RETAIN_SELF = YES;
				CLANG_WARN_OBJC_LITERAL_CONVERSION = YES;
				CLANG_WARN_OBJC_ROOT_CLASS = YES_ERROR;
				CLANG_WARN_RANGE_LOOP_ANALYSIS = YES;
				CLANG_WARN_STRICT_PROTOTYPES = YES;
				CLANG_WARN_SUSPICIOUS_MOVE = YES;
				CLANG_WARN_UNGUARDED_AVAILABILITY = YES_AGGRESSIVE;
				CLANG_WARN_UNREACHABLE_CODE = YES;
				CLANG_WARN__DUPLICATE_METHOD_MATCH = YES;
				COPY_PHASE_STRIP = NO;
				DEBUG_INFORMATION_FORMAT = "dwarf-with-dsym";
				ENABLE_NS_ASSERTIONS = NO;
				ENABLE_STRICT_OBJC_MSGSEND = YES;
				GCC_C_LANGUAGE_STANDARD = gnu11;
				GCC_NO_COMMON_BLOCKS = YES;
				GCC_WARN_64_TO_32_BIT_CONVERSION = YES;
				GCC_WARN_ABOUT_RETURN_TYPE = YES_ERROR;
				GCC_WARN_UNDECLARED_SELECTOR = YES;
				GCC_WARN_UNINITIALIZED_AUTOS = YES_AGGRESSIVE;
				GCC_WARN_UNUSED_FUNCTION = YES;
				GCC_WARN_UNUSED_VARIABLE = YES;
				IPHONEOS_DEPLOYMENT_TARGET = 13.5;
				MTL_ENABLE_DEBUG_INFO = NO;
				MTL_FAST_MATH = YES;
				SDKROOT = iphoneos;
				SWIFT_COMPILATION_MODE = wholemodule;
				SWIFT_OPTIMIZATION_LEVEL = "-O";
				VALIDATE_PRODUCT = YES;
			};
			name = Release;
		};
		7A4F199024BA4D2F007A6392 /* Debug */ = {
			isa = XCBuildConfiguration;
			baseConfigurationReference = 064B6F22D934778F197F42EB /* Pods-Firebase.debug.xcconfig */;
			buildSettings = {
				ASSETCATALOG_COMPILER_APPICON_NAME = AppIcon;
				CODE_SIGN_STYLE = Automatic;
				INFOPLIST_FILE = Firebase/Info.plist;
				LD_RUNPATH_SEARCH_PATHS = (
					"$(inherited)",
					"@executable_path/Frameworks",
				);
				PRODUCT_BUNDLE_IDENTIFIER = cmc.Firebase;
				PRODUCT_NAME = "$(TARGET_NAME)";
				SWIFT_VERSION = 5.0;
				TARGETED_DEVICE_FAMILY = "1,2";
			};
			name = Debug;
		};
		7A4F199124BA4D2F007A6392 /* Release */ = {
			isa = XCBuildConfiguration;
			baseConfigurationReference = 27864A3BE57A853D4FC413C7 /* Pods-Firebase.release.xcconfig */;
			buildSettings = {
				ASSETCATALOG_COMPILER_APPICON_NAME = AppIcon;
				CODE_SIGN_STYLE = Automatic;
				INFOPLIST_FILE = Firebase/Info.plist;
				LD_RUNPATH_SEARCH_PATHS = (
					"$(inherited)",
					"@executable_path/Frameworks",
				);
				PRODUCT_BUNDLE_IDENTIFIER = cmc.Firebase;
				PRODUCT_NAME = "$(TARGET_NAME)";
				SWIFT_VERSION = 5.0;
				TARGETED_DEVICE_FAMILY = "1,2";
			};
			name = Release;
		};
/* End XCBuildConfiguration section */

/* Begin XCConfigurationList section */
		7A4F197324BA4D29007A6392 /* Build configuration list for PBXProject "Firebase" */ = {
			isa = XCConfigurationList;
			buildConfigurations = (
				7A4F198D24BA4D2F007A6392 /* Debug */,
				7A4F198E24BA4D2F007A6392 /* Release */,
			);
			defaultConfigurationIsVisible = 0;
			defaultConfigurationName = Release;
		};
		7A4F198F24BA4D2F007A6392 /* Build configuration list for PBXNativeTarget "Firebase" */ = {
			isa = XCConfigurationList;
			buildConfigurations = (
				7A4F199024BA4D2F007A6392 /* Debug */,
				7A4F199124BA4D2F007A6392 /* Release */,
			);
			defaultConfigurationIsVisible = 0;
			defaultConfigurationName = Release;
		};
/* End XCConfigurationList section */

/* Begin XCVersionGroup section */
		7A4F198424BA4D29007A6392 /* Firebase.xcdatamodeld */ = {
			isa = XCVersionGroup;
			children = (
				7A4F198524BA4D29007A6392 /* Firebase.xcdatamodel */,
			);
			currentVersion = 7A4F198524BA4D29007A6392 /* Firebase.xcdatamodel */;
			path = Firebase.xcdatamodeld;
			sourceTree = "<group>";
			versionGroupType = wrapper.xcdatamodel;
		};
/* End XCVersionGroup section */
	};
	rootObject = 7A4F197024BA4D29007A6392 /* Project object */;
}
